{
	"name": "tomp-bare-server",
	"version": "0.0.1",
	"lockfileVersion": 2,
	"requires": true,
	"packages": {
		"": {
			"name": "tomp-bare-server",
			"version": "0.0.1",
			"license": "GPL-3.0",
			"dependencies": {
				"commander": "^9.0.0"
			}
		},
		"node_modules/commander": {
			"version": "9.0.0",
			"resolved": "https://registry.npmjs.org/commander/-/commander-9.0.0.tgz",
			"integrity": "sha512-JJfP2saEKbQqvW+FI93OYUB4ByV5cizMpFMiiJI8xDbBvQvSkIk0VvQdn1CZ8mqAO8Loq2h0gYTYtDFUZUeERw==",
			"engines": {
				"node": "^12.20.0 || >=14"
			}
		}
	},
	"dependencies": {
		"commander": {
			"version": "9.0.0",
			"resolved": "https://registry.npmjs.org/commander/-/commander-9.0.0.tgz",
			"integrity": "sha512-JJfP2saEKbQqvW+FI93OYUB4ByV5cizMpFMiiJI8xDbBvQvSkIk0VvQdn1CZ8mqAO8Loq2h0gYTYtDFUZUeERw=="
		}
	}
}
